lockfileVersion: '9.0'

settings:
  autoInstallPeers: true
  excludeLinksFromLockfile: false

importers:

  .:
    devDependencies:
      mitata:
        specifier: 1.0.34
        version: 1.0.34
      tinywhich:
        specifier: link:../
        version: link:..
      which:
        specifier: 6.0.0
        version: 6.0.0

packages:

  isexe@3.1.1:
    resolution: {integrity: sha512-LpB/54B+/2J5hqQ7imZHfdU31OlgQqx7ZicVlkm9kzg9/w8GKLEcFfJl/t7DCEDueOyBAD6zCCwTO6Fzs0NoEQ==}
    engines: {node: '>=16'}

  mitata@1.0.34:
    resolution: {integrity: sha512-Mc3zrtNBKIMeHSCQ0XqRLo1vbdIx1wvFV9c8NJAiyho6AjNfMY8bVhbS12bwciUdd1t4rj8099CH3N3NFahaUA==}

  which@6.0.0:
    resolution: {integrity: sha512-f+gEpIKMR9faW/JgAgPK1D7mekkFoqbmiwvNzuhsHetni20QSgzg9Vhn0g2JSJkkfehQnqdUAx7/e15qS1lPxg==}
    engines: {node: ^20.17.0 || >=22.9.0}
    hasBin: true

snapshots:

  isexe@3.1.1: {}

  mitata@1.0.34: {}

  which@6.0.0:
    dependencies:
      isexe: 3.1.1
